# THIS IS AN AUTOGENERATED FILE. DO NOT EDIT THIS FILE DIRECTLY.
# yarn lockfile v1


"@tsconfig/svelte@^1.0.10":
  version "1.0.10"
  resolved "https://registry.yarnpkg.com/@tsconfig/svelte/-/svelte-1.0.10.tgz#30ec7feeee0bdf38b12a50f0686f8a2e7b6b9dc0"
  integrity sha512-EBrpH2iXXfaf/9z81koiDYkp2mlwW2XzFcAqn6qh7VKyP8zBvHHAQzNhY+W9vH5arAjmGAm5g8ElWq6YmXm3ig==

svelte@^3.29.7:
  version "3.29.7"
  resolved "https://registry.yarnpkg.com/svelte/-/svelte-3.29.7.tgz#e254eb2d0d609ce0fd60f052d444ac4a66d90f7d"
  integrity sha512-rx0g311kBODvEWUU01DFBUl3MJuJven04bvTVFUG/w0On/wuj0PajQY/QlXcJndFxG+W1s8iXKaB418tdHWc3A==
